
Microsoft Visual Studio Solution File, Format Version 12.00
# Visual Studio Version 16
VisualStudioVersion = 16.0.29230.47
MinimumVisualStudioVersion = 10.0.40219.1
Project("{FAE04EC0-301F-11D3-BF4B-00C04F79EFBC}") = "QuanLyXeMay", "QuanLyXeMay.csproj", "{8098A243-C731-4F3E-8A5E-10E5E4418768}"
EndProject
Global
	GlobalSection(SolutionConfigurationPlatforms) = preSolution
		Debug|Any CPU = Debug|Any CPU
		Release|Any CPU = Release|Any CPU
	EndGlobalSection
	GlobalSection(ProjectConfigurationPlatforms) = postSolution
		{8098A243-C731-4F3E-8A5E-10E5E4418768}.Debug|Any CPU.ActiveCfg = Debug|Any CPU
		{8098A243-C731-4F3E-8A5E-10E5E4418768}.Debug|Any CPU.Build.0 = Debug|Any CPU
		{8098A243-C731-4F3E-8A5E-10E5E4418768}.Release|Any CPU.ActiveCfg = Release|Any CPU
		{8098A243-C731-4F3E-8A5E-10E5E4418768}.Release|Any CPU.Build.0 = Release|Any CPU
	EndGlobalSection
	GlobalSection(SolutionProperties) = preSolution
		HideSolutionNode = FALSE
	EndGlobalSection
	GlobalSection(ExtensibilityGlobals) = postSolution
		SolutionGuid = {A65B9C52-97F8-4B43-869C-85DB798F23A4}
	EndGlobalSection
EndGlobal
